
Microsoft Visual Studio Solution File, Format Version 12.00
# Visual Studio Version 17
VisualStudioVersion = 17.11.35327.3
MinimumVisualStudioVersion = 10.0.40219.1
Project("{FAE04EC0-301F-11D3-BF4B-00C04F79EFBC}") = "FirstProgram", "FirstProgram\FirstProgram.csproj", "{90DF1186-7CC0-403F-BE0F-6CC5576EDE92}"
EndProject
Global
	GlobalSection(SolutionConfigurationPlatforms) = preSolution
		Debug|Any CPU = Debug|Any CPU
		Release|Any CPU = Release|Any CPU
	EndGlobalSection
	GlobalSection(ProjectConfigurationPlatforms) = postSolution
		{90DF1186-7CC0-403F-BE0F-6CC5576EDE92}.Debug|Any CPU.ActiveCfg = Debug|Any CPU
		{90DF1186-7CC0-403F-BE0F-6CC5576EDE92}.Debug|Any CPU.Build.0 = Debug|Any CPU
		{90DF1186-7CC0-403F-BE0F-6CC5576EDE92}.Release|Any CPU.ActiveCfg = Release|Any CPU
		{90DF1186-7CC0-403F-BE0F-6CC5576EDE92}.Release|Any CPU.Build.0 = Release|Any CPU
	EndGlobalSection
	GlobalSection(SolutionProperties) = preSolution
		HideSolutionNode = FALSE
	EndGlobalSection
	GlobalSection(ExtensibilityGlobals) = postSolution
		SolutionGuid = {74AC5736-42EB-48BC-8A95-F8629C2B27E3}
	EndGlobalSection
EndGlobal
